
Microsoft Visual Studio Solution File, Format Version 12.00
# Visual Studio Version 17
VisualStudioVersion = 17.12.35506.116
MinimumVisualStudioVersion = 10.0.40219.1
Project("{2150E333-8FDC-42A3-9474-1A3956D46DE8}") = "Src", "Src", "{D2E47916-8C6E-49E8-B6E8-CB85827F923C}"
EndProject
Project("{2150E333-8FDC-42A3-9474-1A3956D46DE8}") = "Document", "Document", "{8C794EC6-16DB-483C-B5A1-37DB1DC47A78}"
EndProject
Project("{2150E333-8FDC-42A3-9474-1A3956D46DE8}") = "Tests", "Tests", "{1FCF29B0-1562-4CCF-B79D-0C02E4C9312A}"
EndProject
Project("{2150E333-8FDC-42A3-9474-1A3956D46DE8}") = "Core", "Core", "{ED810791-6243-46D3-B1C9-C98DB679F953}"
EndProject
Project("{2150E333-8FDC-42A3-9474-1A3956D46DE8}") = "Infrastructure", "Infrastructure", "{99238647-33EB-4199-94E0-2F7A38926298}"
EndProject
Project("{2150E333-8FDC-42A3-9474-1A3956D46DE8}") = "Presentation", "Presentation", "{8655C30C-1ECA-4E9E-B219-ECB5445568B1}"
EndProject
Project("{FAE04EC0-301F-11D3-BF4B-00C04F79EFBC}") = "PerfumeLayte.Domain", "PerfumeLayte.Domain\PerfumeLayte.Domain.csproj", "{F8B9832F-6A3B-4B80-9D38-67941E34DB0F}"
EndProject
Project("{FAE04EC0-301F-11D3-BF4B-00C04F79EFBC}") = "PerfumeLayte.Application", "PerfumeLayte.Application\PerfumeLayte.Application.csproj", "{72C18507-A4F2-4B9A-9FC5-2972FB65BE0F}"
EndProject
Project("{FAE04EC0-301F-11D3-BF4B-00C04F79EFBC}") = "PerfumeLayte.Infrastructure", "PerfumeLayte.Infrastructure\PerfumeLayte.Infrastructure.csproj", "{9989581C-6E3B-483D-BB07-F2D23E5F98CF}"
EndProject
Project("{FAE04EC0-301F-11D3-BF4B-00C04F79EFBC}") = "PerfumeLayte.Persistence", "PerfumeLayte.Persistence\PerfumeLayte.Persistence.csproj", "{A58B9707-F662-472E-B76D-E16BFF731569}"
EndProject
Project("{2150E333-8FDC-42A3-9474-1A3956D46DE8}") = "Comman", "Comman", "{3BCB666F-81CB-49AF-8B26-F5B4C391DACD}"
EndProject
Project("{FAE04EC0-301F-11D3-BF4B-00C04F79EFBC}") = "PerfumeLayte.Comman", "PerfumeLayte.Comman\PerfumeLayte.Comman.csproj", "{60C268AC-4ACD-4423-BEFE-3B7236CE7468}"
EndProject
Project("{FAE04EC0-301F-11D3-BF4B-00C04F79EFBC}") = "Perfume_Layte", "Perfume_Layte\Perfume_Layte.csproj", "{C73C7F2D-B1E2-497A-8451-2E12EBC4D0EA}"
EndProject
Global
	GlobalSection(SolutionConfigurationPlatforms) = preSolution
		Debug|Any CPU = Debug|Any CPU
		Release|Any CPU = Release|Any CPU
	EndGlobalSection
	GlobalSection(ProjectConfigurationPlatforms) = postSolution
		{F8B9832F-6A3B-4B80-9D38-67941E34DB0F}.Debug|Any CPU.ActiveCfg = Debug|Any CPU
		{F8B9832F-6A3B-4B80-9D38-67941E34DB0F}.Debug|Any CPU.Build.0 = Debug|Any CPU
		{F8B9832F-6A3B-4B80-9D38-67941E34DB0F}.Release|Any CPU.ActiveCfg = Release|Any CPU
		{F8B9832F-6A3B-4B80-9D38-67941E34DB0F}.Release|Any CPU.Build.0 = Release|Any CPU
		{72C18507-A4F2-4B9A-9FC5-2972FB65BE0F}.Debug|Any CPU.ActiveCfg = Debug|Any CPU
		{72C18507-A4F2-4B9A-9FC5-2972FB65BE0F}.Debug|Any CPU.Build.0 = Debug|Any CPU
		{72C18507-A4F2-4B9A-9FC5-2972FB65BE0F}.Release|Any CPU.ActiveCfg = Release|Any CPU
		{72C18507-A4F2-4B9A-9FC5-2972FB65BE0F}.Release|Any CPU.Build.0 = Release|Any CPU
		{9989581C-6E3B-483D-BB07-F2D23E5F98CF}.Debug|Any CPU.ActiveCfg = Debug|Any CPU
		{9989581C-6E3B-483D-BB07-F2D23E5F98CF}.Debug|Any CPU.Build.0 = Debug|Any CPU
		{9989581C-6E3B-483D-BB07-F2D23E5F98CF}.Release|Any CPU.ActiveCfg = Release|Any CPU
		{9989581C-6E3B-483D-BB07-F2D23E5F98CF}.Release|Any CPU.Build.0 = Release|Any CPU
		{A58B9707-F662-472E-B76D-E16BFF731569}.Debug|Any CPU.ActiveCfg = Debug|Any CPU
		{A58B9707-F662-472E-B76D-E16BFF731569}.Debug|Any CPU.Build.0 = Debug|Any CPU
		{A58B9707-F662-472E-B76D-E16BFF731569}.Release|Any CPU.ActiveCfg = Release|Any CPU
		{A58B9707-F662-472E-B76D-E16BFF731569}.Release|Any CPU.Build.0 = Release|Any CPU
		{60C268AC-4ACD-4423-BEFE-3B7236CE7468}.Debug|Any CPU.ActiveCfg = Debug|Any CPU
		{60C268AC-4ACD-4423-BEFE-3B7236CE7468}.Debug|Any CPU.Build.0 = Debug|Any CPU
		{60C268AC-4ACD-4423-BEFE-3B7236CE7468}.Release|Any CPU.ActiveCfg = Release|Any CPU
		{60C268AC-4ACD-4423-BEFE-3B7236CE7468}.Release|Any CPU.Build.0 = Release|Any CPU
		{C73C7F2D-B1E2-497A-8451-2E12EBC4D0EA}.Debug|Any CPU.ActiveCfg = Debug|Any CPU
		{C73C7F2D-B1E2-497A-8451-2E12EBC4D0EA}.Debug|Any CPU.Build.0 = Debug|Any CPU
		{C73C7F2D-B1E2-497A-8451-2E12EBC4D0EA}.Release|Any CPU.ActiveCfg = Release|Any CPU
		{C73C7F2D-B1E2-497A-8451-2E12EBC4D0EA}.Release|Any CPU.Build.0 = Release|Any CPU
	EndGlobalSection
	GlobalSection(SolutionProperties) = preSolution
		HideSolutionNode = FALSE
	EndGlobalSection
	GlobalSection(NestedProjects) = preSolution
		{ED810791-6243-46D3-B1C9-C98DB679F953} = {D2E47916-8C6E-49E8-B6E8-CB85827F923C}
		{99238647-33EB-4199-94E0-2F7A38926298} = {D2E47916-8C6E-49E8-B6E8-CB85827F923C}
		{8655C30C-1ECA-4E9E-B219-ECB5445568B1} = {D2E47916-8C6E-49E8-B6E8-CB85827F923C}
		{F8B9832F-6A3B-4B80-9D38-67941E34DB0F} = {ED810791-6243-46D3-B1C9-C98DB679F953}
		{72C18507-A4F2-4B9A-9FC5-2972FB65BE0F} = {ED810791-6243-46D3-B1C9-C98DB679F953}
		{9989581C-6E3B-483D-BB07-F2D23E5F98CF} = {99238647-33EB-4199-94E0-2F7A38926298}
		{A58B9707-F662-472E-B76D-E16BFF731569} = {99238647-33EB-4199-94E0-2F7A38926298}
		{3BCB666F-81CB-49AF-8B26-F5B4C391DACD} = {D2E47916-8C6E-49E8-B6E8-CB85827F923C}
		{60C268AC-4ACD-4423-BEFE-3B7236CE7468} = {3BCB666F-81CB-49AF-8B26-F5B4C391DACD}
		{C73C7F2D-B1E2-497A-8451-2E12EBC4D0EA} = {8655C30C-1ECA-4E9E-B219-ECB5445568B1}
	EndGlobalSection
	GlobalSection(ExtensibilityGlobals) = postSolution
		SolutionGuid = {819B68EA-2727-4345-8FBC-F32D160220DB}
	EndGlobalSection
EndGlobal
